// !$*UTF8*$!
{
	archiveVersion = 1;
	classes = {
	};
	objectVersion = 56;
	objects = {

/* Begin PBXBuildFile section */
		E7B14AB02C7877E200397193 /* AppDelegate.swift in Sources */ = {isa = PBXBuildFile; fileRef = E7B14AAF2C7877E200397193 /* AppDelegate.swift */; };
		E7B14AB22C7877E200397193 /* SceneDelegate.swift in Sources */ = {isa = PBXBuildFile; fileRef = E7B14AB12C7877E200397193 /* SceneDelegate.swift */; };
		E7B14AB42C7877E200397193 /* ViewController.swift in Sources */ = {isa = PBXBuildFile; fileRef = E7B14AB32C7877E200397193 /* ViewController.swift */; };
		E7B14AB72C7877E200397193 /* Base in Resources */ = {isa = PBXBuildFile; fileRef = E7B14AB62C7877E200397193 /* Base */; };
		E7B14AB92C7877E400397193 /* Assets.xcassets in Resources */ = {isa = PBXBuildFile; fileRef = E7B14AB82C7877E400397193 /* Assets.xcassets */; };
		E7B14ABC2C7877E400397193 /* Base in Resources */ = {isa = PBXBuildFile; fileRef = E7B14ABB2C7877E400397193 /* Base */; };
		E7B14AC72C7877E400397193 /* LocalizableTests.swift in Sources */ = {isa = PBXBuildFile; fileRef = E7B14AC62C7877E400397193 /* LocalizableTests.swift */; };
		E7B14AD12C7877E400397193 /* LocalizableUITests.swift in Sources */ = {isa = PBXBuildFile; fileRef = E7B14AD02C7877E400397193 /* LocalizableUITests.swift */; };
		E7B14AD32C7877E400397193 /* LocalizableUITestsLaunchTests.swift in Sources */ = {isa = PBXBuildFile; fileRef = E7B14AD22C7877E400397193 /* LocalizableUITestsLaunchTests.swift */; };
		E7B14AE42C787ED600397193 /* Localizable.strings in Resources */ = {isa = PBXBuildFile; fileRef = E7B14AE22C787ED600397193 /* Localizable.strings */; };
/* End PBXBuildFile section */

/* Begin PBXContainerItemProxy section */
		E7B14AC32C7877E400397193 /* PBXContainerItemProxy */ = {
			isa = PBXContainerItemProxy;
			containerPortal = E7B14AA42C7877E200397193 /* Project object */;
			proxyType = 1;
			remoteGlobalIDString = E7B14AAB2C7877E200397193;
			remoteInfo = Localizable;
		};
		E7B14ACD2C7877E400397193 /* PBXContainerItemProxy */ = {
			isa = PBXContainerItemProxy;
			containerPortal = E7B14AA42C7877E200397193 /* Project object */;
			proxyType = 1;
			remoteGlobalIDString = E7B14AAB2C7877E200397193;
			remoteInfo = Localizable;
		};
/* End PBXContainerItemProxy section */

/* Begin PBXFileReference section */
		E7B14AAC2C7877E200397193 /* Localizable.app */ = {isa = PBXFileReference; explicitFileType = wrapper.application; includeInIndex = 0; path = Localizable.app; sourceTree = BUILT_PRODUCTS_DIR; };
		E7B14AAF2C7877E200397193 /* AppDelegate.swift */ = {isa = PBXFileReference; lastKnownFileType = sourcecode.swift; path = AppDelegate.swift; sourceTree = "<group>"; };
		E7B14AB12C7877E200397193 /* SceneDelegate.swift */ = {isa = PBXFileReference; lastKnownFileType = sourcecode.swift; path = SceneDelegate.swift; sourceTree = "<group>"; };
		E7B14AB32C7877E200397193 /* ViewController.swift */ = {isa = PBXFileReference; lastKnownFileType = sourcecode.swift; path = ViewController.swift; sourceTree = "<group>"; };
		E7B14AB62C7877E200397193 /* Base */ = {isa = PBXFileReference; lastKnownFileType = file.storyboard; name = Base; path = Base.lproj/Main.storyboard; sourceTree = "<group>"; };
		E7B14AB82C7877E400397193 /* Assets.xcassets */ = {isa = PBXFileReference; lastKnownFileType = folder.assetcatalog; path = Assets.xcassets; sourceTree = "<group>"; };
		E7B14ABB2C7877E400397193 /* Base */ = {isa = PBXFileReference; lastKnownFileType = file.storyboard; name = Base; path = Base.lproj/LaunchScreen.storyboard; sourceTree = "<group>"; };
		E7B14ABD2C7877E400397193 /* Info.plist */ = {isa = PBXFileReference; lastKnownFileType = text.plist.xml; path = Info.plist; sourceTree = "<group>"; };
		E7B14AC22C7877E400397193 /* LocalizableTests.xctest */ = {isa = PBXFileReference; explicitFileType = wrapper.cfbundle; includeInIndex = 0; path = LocalizableTests.xctest; sourceTree = BUILT_PRODUCTS_DIR; };
		E7B14AC62C7877E400397193 /* LocalizableTests.swift */ = {isa = PBXFileReference; lastKnownFileType = sourcecode.swift; path = LocalizableTests.swift; sourceTree = "<group>"; };
		E7B14ACC2C7877E400397193 /* LocalizableUITests.xctest */ = {isa = PBXFileReference; explicitFileType = wrapper.cfbundle; includeInIndex = 0; path = LocalizableUITests.xctest; sourceTree = BUILT_PRODUCTS_DIR; };
		E7B14AD02C7877E400397193 /* LocalizableUITests.swift */ = {isa = PBXFileReference; lastKnownFileType = sourcecode.swift; path = LocalizableUITests.swift; sourceTree = "<group>"; };
		E7B14AD22C7877E400397193 /* LocalizableUITestsLaunchTests.swift */ = {isa = PBXFileReference; lastKnownFileType = sourcecode.swift; path = LocalizableUITestsLaunchTests.swift; sourceTree = "<group>"; };
		E7B14ADF2C787E4E00397193 /* zh-Hans */ = {isa = PBXFileReference; lastKnownFileType = text.plist.strings; name = "zh-Hans"; path = "zh-Hans.lproj/LaunchScreen.strings"; sourceTree = "<group>"; };
		E7B14AE02C787E7A00397193 /* fr */ = {isa = PBXFileReference; lastKnownFileType = text.plist.strings; name = fr; path = fr.lproj/Main.strings; sourceTree = "<group>"; };
		E7B14AE12C787E7B00397193 /* fr */ = {isa = PBXFileReference; lastKnownFileType = text.plist.strings; name = fr; path = fr.lproj/LaunchScreen.strings; sourceTree = "<group>"; };
		E7B14AE32C787ED600397193 /* en */ = {isa = PBXFileReference; lastKnownFileType = text.plist.strings; name = en; path = en.lproj/Localizable.strings; sourceTree = "<group>"; };
		E7B14AE52C787EFD00397193 /* zh-Hans */ = {isa = PBXFileReference; lastKnownFileType = text.plist.strings; name = "zh-Hans"; path = "zh-Hans.lproj/Localizable.strings"; sourceTree = "<group>"; };
		E7B14AE62C787EFE00397193 /* fr */ = {isa = PBXFileReference; lastKnownFileType = text.plist.strings; name = fr; path = fr.lproj/Localizable.strings; sourceTree = "<group>"; };
/* End PBXFileReference section */

/* Begin PBXFrameworksBuildPhase section */
		E7B14AA92C7877E200397193 /* Frameworks */ = {
			isa = PBXFrameworksBuildPhase;
			buildActionMask = 2147483647;
			files = (
			);
			runOnlyForDeploymentPostprocessing = 0;
		};
		E7B14ABF2C7877E400397193 /* Frameworks */ = {
			isa = PBXFrameworksBuildPhase;
			buildActionMask = 2147483647;
			files = (
			);
			runOnlyForDeploymentPostprocessing = 0;
		};
		E7B14AC92C7877E400397193 /* Frameworks */ = {
			isa = PBXFrameworksBuildPhase;
			buildActionMask = 2147483647;
			files = (
			);
			runOnlyForDeploymentPostprocessing = 0;
		};
/* End PBXFrameworksBuildPhase section */

/* Begin PBXGroup section */
		E7B14AA32C7877E200397193 = {
			isa = PBXGroup;
			children = (
				E7B14AAE2C7877E200397193 /* Localizable */,
				E7B14AC52C7877E400397193 /* LocalizableTests */,
				E7B14ACF2C7877E400397193 /* LocalizableUITests */,
				E7B14AAD2C7877E200397193 /* Products */,
			);
			sourceTree = "<group>";
		};
		E7B14AAD2C7877E200397193 /* Products */ = {
			isa = PBXGroup;
			children = (
				E7B14AAC2C7877E200397193 /* Localizable.app */,
				E7B14AC22C7877E400397193 /* LocalizableTests.xctest */,
				E7B14ACC2C7877E400397193 /* LocalizableUITests.xctest */,
			);
			name = Products;
			sourceTree = "<group>";
		};
		E7B14AAE2C7877E200397193 /* Localizable */ = {
			isa = PBXGroup;
			children = (
				E7B14AAF2C7877E200397193 /* AppDelegate.swift */,
				E7B14AB12C7877E200397193 /* SceneDelegate.swift */,
				E7B14AB32C7877E200397193 /* ViewController.swift */,
				E7B14AB52C7877E200397193 /* Main.storyboard */,
				E7B14AB82C7877E400397193 /* Assets.xcassets */,
				E7B14ABA2C7877E400397193 /* LaunchScreen.storyboard */,
				E7B14ABD2C7877E400397193 /* Info.plist */,
				E7B14AE22C787ED600397193 /* Localizable.strings */,
			);
			path = Localizable;
			sourceTree = "<group>";
		};
		E7B14AC52C7877E400397193 /* LocalizableTests */ = {
			isa = PBXGroup;
			children = (
				E7B14AC62C7877E400397193 /* LocalizableTests.swift */,
			);
			path = LocalizableTests;
			sourceTree = "<group>";
		};
		E7B14ACF2C7877E400397193 /* LocalizableUITests */ = {
			isa = PBXGroup;
			children = (
				E7B14AD02C7877E400397193 /* LocalizableUITests.swift */,
				E7B14AD22C7877E400397193 /* LocalizableUITestsLaunchTests.swift */,
			);
			path = LocalizableUITests;
			sourceTree = "<group>";
		};
/* End PBXGroup section */

/* Begin PBXNativeTarget section */
		E7B14AAB2C7877E200397193 /* Localizable */ = {
			isa = PBXNativeTarget;
			buildConfigurationList = E7B14AD62C7877E400397193 /* Build configuration list for PBXNativeTarget "Localizable" */;
			buildPhases = (
				E7B14AA82C7877E200397193 /* Sources */,
				E7B14AA92C7877E200397193 /* Frameworks */,
				E7B14AAA2C7877E200397193 /* Resources */,
			);
			buildRules = (
			);
			dependencies = (
			);
			name = Localizable;
			productName = Localizable;
			productReference = E7B14AAC2C7877E200397193 /* Localizable.app */;
			productType = "com.apple.product-type.application";
		};
		E7B14AC12C7877E400397193 /* LocalizableTests */ = {
			isa = PBXNativeTarget;
			buildConfigurationList = E7B14AD92C7877E400397193 /* Build configuration list for PBXNativeTarget "LocalizableTests" */;
			buildPhases = (
				E7B14ABE2C7877E400397193 /* Sources */,
				E7B14ABF2C7877E400397193 /* Frameworks */,
				E7B14AC02C7877E400397193 /* Resources */,
			);
			buildRules = (
			);
			dependencies = (
				E7B14AC42C7877E400397193 /* PBXTargetDependency */,
			);
			name = LocalizableTests;
			productName = LocalizableTests;
			productReference = E7B14AC22C7877E400397193 /* LocalizableTests.xctest */;
			productType = "com.apple.product-type.bundle.unit-test";
		};
		E7B14ACB2C7877E400397193 /* LocalizableUITests */ = {
			isa = PBXNativeTarget;
			buildConfigurationList = E7B14ADC2C7877E400397193 /* Build configuration list for PBXNativeTarget "LocalizableUITests" */;
			buildPhases = (
				E7B14AC82C7877E400397193 /* Sources */,
				E7B14AC92C7877E400397193 /* Frameworks */,
				E7B14ACA2C7877E400397193 /* Resources */,
			);
			buildRules = (
			);
			dependencies = (
				E7B14ACE2C7877E400397193 /* PBXTargetDependency */,
			);
			name = LocalizableUITests;
			productName = LocalizableUITests;
			productReference = E7B14ACC2C7877E400397193 /* LocalizableUITests.xctest */;
			productType = "com.apple.product-type.bundle.ui-testing";
		};
/* End PBXNativeTarget section */

/* Begin PBXProject section */
		E7B14AA42C7877E200397193 /* Project object */ = {
			isa = PBXProject;
			attributes = {
				BuildIndependentTargetsInParallel = 1;
				LastSwiftUpdateCheck = 1540;
				LastUpgradeCheck = 1540;
				TargetAttributes = {
					E7B14AAB2C7877E200397193 = {
						CreatedOnToolsVersion = 15.4;
					};
					E7B14AC12C7877E400397193 = {
						CreatedOnToolsVersion = 15.4;
						TestTargetID = E7B14AAB2C7877E200397193;
					};
					E7B14ACB2C7877E400397193 = {
						CreatedOnToolsVersion = 15.4;
						TestTargetID = E7B14AAB2C7877E200397193;
					};
				};
			};
			buildConfigurationList = E7B14AA72C7877E200397193 /* Build configuration list for PBXProject "Localizable" */;
			compatibilityVersion = "Xcode 14.0";
			developmentRegion = en;
			hasScannedForEncodings = 0;
			knownRegions = (
				en,
				Base,
				"zh-Hans",
				fr,
			);
			mainGroup = E7B14AA32C7877E200397193;
			productRefGroup = E7B14AAD2C7877E200397193 /* Products */;
			projectDirPath = "";
			projectRoot = "";
			targets = (
				E7B14AAB2C7877E200397193 /* Localizable */,
				E7B14AC12C7877E400397193 /* LocalizableTests */,
				E7B14ACB2C7877E400397193 /* LocalizableUITests */,
			);
		};
/* End PBXProject section */

/* Begin PBXResourcesBuildPhase section */
		E7B14AAA2C7877E200397193 /* Resources */ = {
			isa = PBXResourcesBuildPhase;
			buildActionMask = 2147483647;
			files = (
				E7B14AB92C7877E400397193 /* Assets.xcassets in Resources */,
				E7B14AE42C787ED600397193 /* Localizable.strings in Resources */,
				E7B14ABC2C7877E400397193 /* Base in Resources */,
				E7B14AB72C7877E200397193 /* Base in Resources */,
			);
			runOnlyForDeploymentPostprocessing = 0;
		};
		E7B14AC02C7877E400397193 /* Resources */ = {
			isa = PBXResourcesBuildPhase;
			buildActionMask = 2147483647;
			files = (
			);
			runOnlyForDeploymentPostprocessing = 0;
		};
		E7B14ACA2C7877E400397193 /* Resources */ = {
			isa = PBXResourcesBuildPhase;
			buildActionMask = 2147483647;
			files = (
			);
			runOnlyForDeploymentPostprocessing = 0;
		};
/* End PBXResourcesBuildPhase section */

/* Begin PBXSourcesBuildPhase section */
		E7B14AA82C7877E200397193 /* Sources */ = {
			isa = PBXSourcesBuildPhase;
			buildActionMask = 2147483647;
			files = (
				E7B14AB42C7877E200397193 /* ViewController.swift in Sources */,
				E7B14AB02C7877E200397193 /* AppDelegate.swift in Sources */,
				E7B14AB22C7877E200397193 /* SceneDelegate.swift in Sources */,
			);
			runOnlyForDeploymentPostprocessing = 0;
		};
		E7B14ABE2C7877E400397193 /* Sources */ = {
			isa = PBXSourcesBuildPhase;
			buildActionMask = 2147483647;
			files = (
				E7B14AC72C7877E400397193 /* LocalizableTests.swift in Sources */,
			);
			runOnlyForDeploymentPostprocessing = 0;
		};
		E7B14AC82C7877E400397193 /* Sources */ = {
			isa = PBXSourcesBuildPhase;
			buildActionMask = 2147483647;
			files = (
				E7B14AD12C7877E400397193 /* LocalizableUITests.swift in Sources */,
				E7B14AD32C7877E400397193 /* LocalizableUITestsLaunchTests.swift in Sources */,
			);
			runOnlyForDeploymentPostprocessing = 0;
		};
/* End PBXSourcesBuildPhase section */

/* Begin PBXTargetDependency section */
		E7B14AC42C7877E400397193 /* PBXTargetDependency */ = {
			isa = PBXTargetDependency;
			target = E7B14AAB2C7877E200397193 /* Localizable */;
			targetProxy = E7B14AC32C7877E400397193 /* PBXContainerItemProxy */;
		};
		E7B14ACE2C7877E400397193 /* PBXTargetDependency */ = {
			isa = PBXTargetDependency;
			target = E7B14AAB2C7877E200397193 /* Localizable */;
			targetProxy = E7B14ACD2C7877E400397193 /* PBXContainerItemProxy */;
		};
/* End PBXTargetDependency section */

/* Begin PBXVariantGroup section */
		E7B14AB52C7877E200397193 /* Main.storyboard */ = {
			isa = PBXVariantGroup;
			children = (
				E7B14AB62C7877E200397193 /* Base */,
				E7B14AE02C787E7A00397193 /* fr */,
			);
			name = Main.storyboard;
			sourceTree = "<group>";
		};
		E7B14ABA2C7877E400397193 /* LaunchScreen.storyboard */ = {
			isa = PBXVariantGroup;
			children = (
				E7B14ABB2C7877E400397193 /* Base */,
				E7B14ADF2C787E4E00397193 /* zh-Hans */,
				E7B14AE12C787E7B00397193 /* fr */,
			);
			name = LaunchScreen.storyboard;
			sourceTree = "<group>";
		};
		E7B14AE22C787ED600397193 /* Localizable.strings */ = {
			isa = PBXVariantGroup;
			children = (
				E7B14AE32C787ED600397193 /* en */,
				E7B14AE52C787EFD00397193 /* zh-Hans */,
				E7B14AE62C787EFE00397193 /* fr */,
			);
			name = Localizable.strings;
			sourceTree = "<group>";
		};
/* End PBXVariantGroup section */

/* Begin XCBuildConfiguration section */
		E7B14AD42C7877E400397193 /* Debug */ = {
			isa = XCBuildConfiguration;
			buildSettings = {
				ALWAYS_SEARCH_USER_PATHS = NO;
				ASSETCATALOG_COMPILER_GENERATE_SWIFT_ASSET_SYMBOL_EXTENSIONS = YES;
				CLANG_ANALYZER_LOCALIZABILITY_NONLOCALIZED = YES;
				CLANG_ANALYZER_NONNULL = YES;
				CLANG_ANALYZER_NUMBER_OBJECT_CONVERSION = YES_AGGRESSIVE;
				CLANG_CXX_LANGUAGE_STANDARD = "gnu++20";
				CLANG_ENABLE_MODULES = YES;
				CLANG_ENABLE_OBJC_ARC = YES;
				CLANG_ENABLE_OBJC_WEAK = YES;
				CLANG_WARN_BLOCK_CAPTURE_AUTORELEASING = YES;
				CLANG_WARN_BOOL_CONVERSION = YES;
				CLANG_WARN_COMMA = YES;
				CLANG_WARN_CONSTANT_CONVERSION = YES;
				CLANG_WARN_DEPRECATED_OBJC_IMPLEMENTATIONS = YES;
				CLANG_WARN_DIRECT_OBJC_ISA_USAGE = YES_ERROR;
				CLANG_WARN_DOCUMENTATION_COMMENTS = YES;
				CLANG_WARN_EMPTY_BODY = YES;
				CLANG_WARN_ENUM_CONVERSION = YES;
				CLANG_WARN_INFINITE_RECURSION = YES;
				CLANG_WARN_INT_CONVERSION = YES;
				CLANG_WARN_NON_LITERAL_NULL_CONVERSION = YES;
				CLANG_WARN_OBJC_IMPLICIT_RETAIN_SELF = YES;
				CLANG_WARN_OBJC_LITERAL_CONVERSION = YES;
				CLANG_WARN_OBJC_ROOT_CLASS = YES_ERROR;
				CLANG_WARN_QUOTED_INCLUDE_IN_FRAMEWORK_HEADER = YES;
				CLANG_WARN_RANGE_LOOP_ANALYSIS = YES;
				CLANG_WARN_STRICT_PROTOTYPES = YES;
				CLANG_WARN_SUSPICIOUS_MOVE = YES;
				CLANG_WARN_UNGUARDED_AVAILABILITY = YES_AGGRESSIVE;
				CLANG_WARN_UNREACHABLE_CODE = YES;
				CLANG_WARN__DUPLICATE_METHOD_MATCH = YES;
				COPY_PHASE_STRIP = NO;
				DEBUG_INFORMATION_FORMAT = dwarf;
				ENABLE_STRICT_OBJC_MSGSEND = YES;
				ENABLE_TESTABILITY = YES;
				ENABLE_USER_SCRIPT_SANDBOXING = YES;
				GCC_C_LANGUAGE_STANDARD = gnu17;
				GCC_DYNAMIC_NO_PIC = NO;
				GCC_NO_COMMON_BLOCKS = YES;
				GCC_OPTIMIZATION_LEVEL = 0;
				GCC_PREPROCESSOR_DEFINITIONS = (
					"DEBUG=1",
					"$(inherited)",
				);
				GCC_WARN_64_TO_32_BIT_CONVERSION = YES;
				GCC_WARN_ABOUT_RETURN_TYPE = YES_ERROR;
				GCC_WARN_UNDECLARED_SELECTOR = YES;
				GCC_WARN_UNINITIALIZED_AUTOS = YES_AGGRESSIVE;
				GCC_WARN_UNUSED_FUNCTION = YES;
				GCC_WARN_UNUSED_VARIABLE = YES;
				IPHONEOS_DEPLOYMENT_TARGET = 17.5;
				LOCALIZATION_PREFERS_STRING_CATALOGS = YES;
				MTL_ENABLE_DEBUG_INFO = INCLUDE_SOURCE;
				MTL_FAST_MATH = YES;
				ONLY_ACTIVE_ARCH = YES;
				SDKROOT = iphoneos;
				SWIFT_ACTIVE_COMPILATION_CONDITIONS = "DEBUG $(inherited)";
				SWIFT_OPTIMIZATION_LEVEL = "-Onone";
			};
			name = Debug;
		};
		E7B14AD52C7877E400397193 /* Release */ = {
			isa = XCBuildConfiguration;
			buildSettings = {
				ALWAYS_SEARCH_USER_PATHS = NO;
				ASSETCATALOG_COMPILER_GENERATE_SWIFT_ASSET_SYMBOL_EXTENSIONS = YES;
				CLANG_ANALYZER_LOCALIZABILITY_NONLOCALIZED = YES;
				CLANG_ANALYZER_NONNULL = YES;
				CLANG_ANALYZER_NUMBER_OBJECT_CONVERSION = YES_AGGRESSIVE;
				CLANG_CXX_LANGUAGE_STANDARD = "gnu++20";
				CLANG_ENABLE_MODULES = YES;
				CLANG_ENABLE_OBJC_ARC = YES;
				CLANG_ENABLE_OBJC_WEAK = YES;
				CLANG_WARN_BLOCK_CAPTURE_AUTORELEASING = YES;
				CLANG_WARN_BOOL_CONVERSION = YES;
				CLANG_WARN_COMMA = YES;
				CLANG_WARN_CONSTANT_CONVERSION = YES;
				CLANG_WARN_DEPRECATED_OBJC_IMPLEMENTATIONS = YES;
				CLANG_WARN_DIRECT_OBJC_ISA_USAGE = YES_ERROR;
				CLANG_WARN_DOCUMENTATION_COMMENTS = YES;
				CLANG_WARN_EMPTY_BODY = YES;
				CLANG_WARN_ENUM_CONVERSION = YES;
				CLANG_WARN_INFINITE_RECURSION = YES;
				CLANG_WARN_INT_CONVERSION = YES;
				CLANG_WARN_NON_LITERAL_NULL_CONVERSION = YES;
				CLANG_WARN_OBJC_IMPLICIT_RETAIN_SELF = YES;
				CLANG_WARN_OBJC_LITERAL_CONVERSION = YES;
				CLANG_WARN_OBJC_ROOT_CLASS = YES_ERROR;
				CLANG_WARN_QUOTED_INCLUDE_IN_FRAMEWORK_HEADER = YES;
				CLANG_WARN_RANGE_LOOP_ANALYSIS = YES;
				CLANG_WARN_STRICT_PROTOTYPES = YES;
				CLANG_WARN_SUSPICIOUS_MOVE = YES;
				CLANG_WARN_UNGUARDED_AVAILABILITY = YES_AGGRESSIVE;
				CLANG_WARN_UNREACHABLE_CODE = YES;
				CLANG_WARN__DUPLICATE_METHOD_MATCH = YES;
				COPY_PHASE_STRIP = NO;
				DEBUG_INFORMATION_FORMAT = "dwarf-with-dsym";
				ENABLE_NS_ASSERTIONS = NO;
				ENABLE_STRICT_OBJC_MSGSEND = YES;
				ENABLE_USER_SCRIPT_SANDBOXING = YES;
				GCC_C_LANGUAGE_STANDARD = gnu17;
				GCC_NO_COMMON_BLOCKS = YES;
				GCC_WARN_64_TO_32_BIT_CONVERSION = YES;
				GCC_WARN_ABOUT_RETURN_TYPE = YES_ERROR;
				GCC_WARN_UNDECLARED_SELECTOR = YES;
				GCC_WARN_UNINITIALIZED_AUTOS = YES_AGGRESSIVE;
				GCC_WARN_UNUSED_FUNCTION = YES;
				GCC_WARN_UNUSED_VARIABLE = YES;
				IPHONEOS_DEPLOYMENT_TARGET = 17.5;
				LOCALIZATION_PREFERS_STRING_CATALOGS = YES;
				MTL_ENABLE_DEBUG_INFO = NO;
				MTL_FAST_MATH = YES;
				SDKROOT = iphoneos;
				SWIFT_COMPILATION_MODE = wholemodule;
				VALIDATE_PRODUCT = YES;
			};
			name = Release;
		};
		E7B14AD72C7877E400397193 /* Debug */ = {
			isa = XCBuildConfiguration;
			buildSettings = {
				ASSETCATALOG_COMPILER_APPICON_NAME = AppIcon;
				ASSETCATALOG_COMPILER_GLOBAL_ACCENT_COLOR_NAME = AccentColor;
				CODE_SIGN_STYLE = Automatic;
				CURRENT_PROJECT_VERSION = 1;
				GENERATE_INFOPLIST_FILE = YES;
				INFOPLIST_FILE = Localizable/Info.plist;
				INFOPLIST_KEY_UIApplicationSupportsIndirectInputEvents = YES;
				INFOPLIST_KEY_UILaunchStoryboardName = LaunchScreen;
				INFOPLIST_KEY_UIMainStoryboardFile = Main;
				INFOPLIST_KEY_UISupportedInterfaceOrientations_iPad = "UIInterfaceOrientationPortrait UIInterfaceOrientationPortraitUpsideDown UIInterfaceOrientationLandscapeLeft UIInterfaceOrientationLandscapeRight";
				INFOPLIST_KEY_UISupportedInterfaceOrientations_iPhone = "UIInterfaceOrientationPortrait UIInterfaceOrientationLandscapeLeft UIInterfaceOrientationLandscapeRight";
				LD_RUNPATH_SEARCH_PATHS = (
					"$(inherited)",
					"@executable_path/Frameworks",
				);
				MARKETING_VERSION = 1.0;
				PRODUCT_BUNDLE_IDENTIFIER = com.local.test.Localizable;
				PRODUCT_NAME = "$(TARGET_NAME)";
				SWIFT_EMIT_LOC_STRINGS = YES;
				SWIFT_VERSION = 5.0;
				TARGETED_DEVICE_FAMILY = "1,2";
			};
			name = Debug;
		};
		E7B14AD82C7877E400397193 /* Release */ = {
			isa = XCBuildConfiguration;
			buildSettings = {
				ASSETCATALOG_COMPILER_APPICON_NAME = AppIcon;
				ASSETCATALOG_COMPILER_GLOBAL_ACCENT_COLOR_NAME = AccentColor;
				CODE_SIGN_STYLE = Automatic;
				CURRENT_PROJECT_VERSION = 1;
				GENERATE_INFOPLIST_FILE = YES;
				INFOPLIST_FILE = Localizable/Info.plist;
				INFOPLIST_KEY_UIApplicationSupportsIndirectInputEvents = YES;
				INFOPLIST_KEY_UILaunchStoryboardName = LaunchScreen;
				INFOPLIST_KEY_UIMainStoryboardFile = Main;
				INFOPLIST_KEY_UISupportedInterfaceOrientations_iPad = "UIInterfaceOrientationPortrait UIInterfaceOrientationPortraitUpsideDown UIInterfaceOrientationLandscapeLeft UIInterfaceOrientationLandscapeRight";
				INFOPLIST_KEY_UISupportedInterfaceOrientations_iPhone = "UIInterfaceOrientationPortrait UIInterfaceOrientationLandscapeLeft UIInterfaceOrientationLandscapeRight";
				LD_RUNPATH_SEARCH_PATHS = (
					"$(inherited)",
					"@executable_path/Frameworks",
				);
				MARKETING_VERSION = 1.0;
				PRODUCT_BUNDLE_IDENTIFIER = com.local.test.Localizable;
				PRODUCT_NAME = "$(TARGET_NAME)";
				SWIFT_EMIT_LOC_STRINGS = YES;
				SWIFT_VERSION = 5.0;
				TARGETED_DEVICE_FAMILY = "1,2";
			};
			name = Release;
		};
		E7B14ADA2C7877E400397193 /* Debug */ = {
			isa = XCBuildConfiguration;
			buildSettings = {
				ALWAYS_EMBED_SWIFT_STANDARD_LIBRARIES = YES;
				BUNDLE_LOADER = "$(TEST_HOST)";
				CODE_SIGN_STYLE = Automatic;
				CURRENT_PROJECT_VERSION = 1;
				GENERATE_INFOPLIST_FILE = YES;
				IPHONEOS_DEPLOYMENT_TARGET = 17.5;
				MARKETING_VERSION = 1.0;
				PRODUCT_BUNDLE_IDENTIFIER = com.local.test.LocalizableTests;
				PRODUCT_NAME = "$(TARGET_NAME)";
				SWIFT_EMIT_LOC_STRINGS = NO;
				SWIFT_VERSION = 5.0;
				TARGETED_DEVICE_FAMILY = "1,2";
				TEST_HOST = "$(BUILT_PRODUCTS_DIR)/Localizable.app/$(BUNDLE_EXECUTABLE_FOLDER_PATH)/Localizable";
			};
			name = Debug;
		};
		E7B14ADB2C7877E400397193 /* Release */ = {
			isa = XCBuildConfiguration;
			buildSettings = {
				ALWAYS_EMBED_SWIFT_STANDARD_LIBRARIES = YES;
				BUNDLE_LOADER = "$(TEST_HOST)";
				CODE_SIGN_STYLE = Automatic;
				CURRENT_PROJECT_VERSION = 1;
				GENERATE_INFOPLIST_FILE = YES;
				IPHONEOS_DEPLOYMENT_TARGET = 17.5;
				MARKETING_VERSION = 1.0;
				PRODUCT_BUNDLE_IDENTIFIER = com.local.test.LocalizableTests;
				PRODUCT_NAME = "$(TARGET_NAME)";
				SWIFT_EMIT_LOC_STRINGS = NO;
				SWIFT_VERSION = 5.0;
				TARGETED_DEVICE_FAMILY = "1,2";
				TEST_HOST = "$(BUILT_PRODUCTS_DIR)/Localizable.app/$(BUNDLE_EXECUTABLE_FOLDER_PATH)/Localizable";
			};
			name = Release;
		};
		E7B14ADD2C7877E400397193 /* Debug */ = {
			isa = XCBuildConfiguration;
			buildSettings = {
				ALWAYS_EMBED_SWIFT_STANDARD_LIBRARIES = YES;
				CODE_SIGN_STYLE = Automatic;
				CURRENT_PROJECT_VERSION = 1;
				GENERATE_INFOPLIST_FILE = YES;
				MARKETING_VERSION = 1.0;
				PRODUCT_BUNDLE_IDENTIFIER = com.local.test.LocalizableUITests;
				PRODUCT_NAME = "$(TARGET_NAME)";
				SWIFT_EMIT_LOC_STRINGS = NO;
				SWIFT_VERSION = 5.0;
				TARGETED_DEVICE_FAMILY = "1,2";
				TEST_TARGET_NAME = Localizable;
			};
			name = Debug;
		};
		E7B14ADE2C7877E400397193 /* Release */ = {
			isa = XCBuildConfiguration;
			buildSettings = {
				ALWAYS_EMBED_SWIFT_STANDARD_LIBRARIES = YES;
				CODE_SIGN_STYLE = Automatic;
				CURRENT_PROJECT_VERSION = 1;
				GENERATE_INFOPLIST_FILE = YES;
				MARKETING_VERSION = 1.0;
				PRODUCT_BUNDLE_IDENTIFIER = com.local.test.LocalizableUITests;
				PRODUCT_NAME = "$(TARGET_NAME)";
				SWIFT_EMIT_LOC_STRINGS = NO;
				SWIFT_VERSION = 5.0;
				TARGETED_DEVICE_FAMILY = "1,2";
				TEST_TARGET_NAME = Localizable;
			};
			name = Release;
		};
/* End XCBuildConfiguration section */

/* Begin XCConfigurationList section */
		E7B14AA72C7877E200397193 /* Build configuration list for PBXProject "Localizable" */ = {
			isa = XCConfigurationList;
			buildConfigurations = (
				E7B14AD42C7877E400397193 /* Debug */,
				E7B14AD52C7877E400397193 /* Release */,
			);
			defaultConfigurationIsVisible = 0;
			defaultConfigurationName = Release;
		};
		E7B14AD62C7877E400397193 /* Build configuration list for PBXNativeTarget "Localizable" */ = {
			isa = XCConfigurationList;
			buildConfigurations = (
				E7B14AD72C7877E400397193 /* Debug */,
				E7B14AD82C7877E400397193 /* Release */,
			);
			defaultConfigurationIsVisible = 0;
			defaultConfigurationName = Release;
		};
		E7B14AD92C7877E400397193 /* Build configuration list for PBXNativeTarget "LocalizableTests" */ = {
			isa = XCConfigurationList;
			buildConfigurations = (
				E7B14ADA2C7877E400397193 /* Debug */,
				E7B14ADB2C7877E400397193 /* Release */,
			);
			defaultConfigurationIsVisible = 0;
			defaultConfigurationName = Release;
		};
		E7B14ADC2C7877E400397193 /* Build configuration list for PBXNativeTarget "LocalizableUITests" */ = {
			isa = XCConfigurationList;
			buildConfigurations = (
				E7B14ADD2C7877E400397193 /* Debug */,
				E7B14ADE2C7877E400397193 /* Release */,
			);
			defaultConfigurationIsVisible = 0;
			defaultConfigurationName = Release;
		};
/* End XCConfigurationList section */
	};
	rootObject = E7B14AA42C7877E200397193 /* Project object */;
}
